// !$*UTF8*$!
{ archiveVersion = 1; classes = {}; objectVersion = 56; objects = {
64D80638E699417435434F0F = { isa = PBXFileReference; lastKnownFileType = sourcecode.swift; path = "BrevityHealth/Models.swift"; sourceTree = SOURCE_ROOT; };
6B1F0D46396CCE3E546FD1AA = { isa = PBXBuildFile; fileRef = 64D80638E699417435434F0F; };
530EDC4EA22BA15320ADACA5 = { isa = PBXFileReference; lastKnownFileType = sourcecode.swift; path = "BrevityHealth/APIClient.swift"; sourceTree = SOURCE_ROOT; };
2A779EB2209F892FAE4C14D0 = { isa = PBXBuildFile; fileRef = 530EDC4EA22BA15320ADACA5; };
C434028AD394F7858A82A5DB = { isa = PBXFileReference; lastKnownFileType = sourcecode.swift; path = "BrevityHealth/HealthReader.swift"; sourceTree = SOURCE_ROOT; };
A35BDFCBCD12849C8FA40174 = { isa = PBXBuildFile; fileRef = C434028AD394F7858A82A5DB; };
D0E511B04857633F84ABC8A3 = { isa = PBXFileReference; lastKnownFileType = sourcecode.swift; path = "BrevityHealth/HealthModel.swift"; sourceTree = SOURCE_ROOT; };
9E69B8AE90C4CA9BB62997F2 = { isa = PBXBuildFile; fileRef = D0E511B04857633F84ABC8A3; };
5492A70C70C208295623A720 = { isa = PBXFileReference; lastKnownFileType = sourcecode.swift; path = "BrevityHealth/BrevityHealthApp.swift"; sourceTree = SOURCE_ROOT; };
A5229071DFD4C9A625A83A93 = { isa = PBXBuildFile; fileRef = 5492A70C70C208295623A720; };
8CB3626F3D06C608E3D712DF = { isa = PBXFileReference; lastKnownFileType = sourcecode.swift; path = "Core/Sources/HealthCore/HealthCore.swift"; sourceTree = SOURCE_ROOT; };
22787B0FEAF3D07D6FD26A4B = { isa = PBXBuildFile; fileRef = 8CB3626F3D06C608E3D712DF; };
6DA53425466809284AF726A3 = { isa = PBXFileReference; lastKnownFileType = text.xml; path = "BrevityHealth/PrivacyInfo.xcprivacy"; sourceTree = SOURCE_ROOT; };
E2C859944B9D715BD3D2C970 = { isa = PBXBuildFile; fileRef = 6DA53425466809284AF726A3; };
38A007151ABE87CC01A5B6E9 = { isa = PBXFileReference; explicitFileType = wrapper.application; path = BrevityHealth.app; sourceTree = BUILT_PRODUCTS_DIR; };
FBDC4F23F93125BBEEAE800C = { isa = PBXGroup; children = (38A007151ABE87CC01A5B6E9,); name = Products; sourceTree = "<group>"; };
64292B1C2B2E13EAD8788FC8 = { isa = PBXGroup; children = (64D80638E699417435434F0F,530EDC4EA22BA15320ADACA5,C434028AD394F7858A82A5DB,D0E511B04857633F84ABC8A3,5492A70C70C208295623A720,8CB3626F3D06C608E3D712DF,6DA53425466809284AF726A3,FBDC4F23F93125BBEEAE800C,); sourceTree = "<group>"; };
BCE16DD0260827ECF338C787 = { isa = PBXSourcesBuildPhase; buildActionMask = 2147483647; files = (6B1F0D46396CCE3E546FD1AA,2A779EB2209F892FAE4C14D0,A35BDFCBCD12849C8FA40174,9E69B8AE90C4CA9BB62997F2,A5229071DFD4C9A625A83A93,22787B0FEAF3D07D6FD26A4B,); runOnlyForDeploymentPostprocessing = 0; };
0189424A5A60FED329FA868E = { isa = PBXResourcesBuildPhase; buildActionMask = 2147483647; files = (E2C859944B9D715BD3D2C970,); runOnlyForDeploymentPostprocessing = 0; };
7561BFB015D8F536760CB671 = { isa = PBXFrameworksBuildPhase; buildActionMask = 2147483647; files = (); runOnlyForDeploymentPostprocessing = 0; };
89E1FD6268CC0F221A2BE178 = { isa = XCBuildConfiguration; name = Debug; buildSettings = { IPHONEOS_DEPLOYMENT_TARGET = 17.0; SDKROOT = iphoneos; SWIFT_VERSION = 5.0; CLANG_ENABLE_MODULES = YES; SWIFT_OPTIMIZATION_LEVEL = "-Onone"; }; };
7082CC0B6FC1282FCEABD07A = { isa = XCBuildConfiguration; name = Debug; buildSettings = { PRODUCT_NAME = BrevityHealth; PRODUCT_BUNDLE_IDENTIFIER = app.brevityoflife.health; INFOPLIST_FILE = BrevityHealth/Info.plist; CODE_SIGN_ENTITLEMENTS = BrevityHealth/BrevityHealth.entitlements; CODE_SIGN_STYLE = Automatic; TARGETED_DEVICE_FAMILY = 1; SWIFT_VERSION = 5.0; GENERATE_INFOPLIST_FILE = NO; ENABLE_USER_SCRIPT_SANDBOXING = YES; }; };
E6DE6C99132752C914FEF632 = { isa = XCBuildConfiguration; name = Release; buildSettings = { IPHONEOS_DEPLOYMENT_TARGET = 17.0; SDKROOT = iphoneos; SWIFT_VERSION = 5.0; CLANG_ENABLE_MODULES = YES; SWIFT_OPTIMIZATION_LEVEL = "-O"; }; };
639A7CA24D39909E713B47F7 = { isa = XCBuildConfiguration; name = Release; buildSettings = { PRODUCT_NAME = BrevityHealth; PRODUCT_BUNDLE_IDENTIFIER = app.brevityoflife.health; INFOPLIST_FILE = BrevityHealth/Info.plist; CODE_SIGN_ENTITLEMENTS = BrevityHealth/BrevityHealth.entitlements; CODE_SIGN_STYLE = Automatic; TARGETED_DEVICE_FAMILY = 1; SWIFT_VERSION = 5.0; GENERATE_INFOPLIST_FILE = NO; ENABLE_USER_SCRIPT_SANDBOXING = YES; }; };
862894B703A6DEDF96A9DD6C = { isa = XCConfigurationList; buildConfigurations = (89E1FD6268CC0F221A2BE178,E6DE6C99132752C914FEF632,); defaultConfigurationIsVisible = 0; defaultConfigurationName = Release; };
C57128001CE614BF8549D6BB = { isa = XCConfigurationList; buildConfigurations = (7082CC0B6FC1282FCEABD07A,639A7CA24D39909E713B47F7,); defaultConfigurationIsVisible = 0; defaultConfigurationName = Release; };
0E8A3AD980EC179856012B7E = { isa = PBXNativeTarget; name = BrevityHealth; productName = BrevityHealth; productType = "com.apple.product-type.application"; productReference = 38A007151ABE87CC01A5B6E9; buildConfigurationList = C57128001CE614BF8549D6BB; buildPhases = (BCE16DD0260827ECF338C787,7561BFB015D8F536760CB671,0189424A5A60FED329FA868E,); buildRules = (); dependencies = (); };
98F54143AB4E86B28C3AFEE0 = { isa = PBXProject; attributes = { LastUpgradeCheck = 1600; TargetAttributes = { 0E8A3AD980EC179856012B7E = { CreatedOnToolsVersion = 16.0; SystemCapabilities = { com.apple.HealthKit = { enabled = 1; }; }; }; }; }; buildConfigurationList = 862894B703A6DEDF96A9DD6C; compatibilityVersion = "Xcode 14.0"; developmentRegion = en; knownRegions = (en,Base,); mainGroup = 64292B1C2B2E13EAD8788FC8; productRefGroup = FBDC4F23F93125BBEEAE800C; projectDirPath = ""; projectRoot = ""; targets = (0E8A3AD980EC179856012B7E,); };
}; rootObject = 98F54143AB4E86B28C3AFEE0; }
